
Microsoft Visual Studio Solution File, Format Version 12.00
# Visual Studio 15
VisualStudioVersion = 15.0.26430.14
MinimumVisualStudioVersion = 10.0.40219.1
Project("{FAE04EC0-301F-11D3-BF4B-00C04F79EFBC}") = "DynamicHttpConsole", "DynamicHttpConsole\DynamicHttpConsole.csproj", "{DA2E0CDA-061A-4D30-A03B-D1632DFE5158}"
EndProject
Project("{FAE04EC0-301F-11D3-BF4B-00C04F79EFBC}") = "TransparentHttpConsole", "TransparentHttpConsole\TransparentHttpConsole.csproj", "{0C8FCDAE-4D61-4AB8-B072-55FC1D3C6D16}"
EndProject
Project("{FAE04EC0-301F-11D3-BF4B-00C04F79EFBC}") = "CrossCuttingConsole", "CrossCuttingConsole\CrossCuttingConsole.csproj", "{A8A8E82B-3AD5-437E-BBDF-CEA1E97DB313}"
EndProject
Project("{FAE04EC0-301F-11D3-BF4B-00C04F79EFBC}") = "ProxyableConsole", "ProxyableConsole\ProxyableConsole.csproj", "{A387CBAA-AB17-48CD-8EC5-003ECC8E951A}"
EndProject
Global
	GlobalSection(SolutionConfigurationPlatforms) = preSolution
		Debug|Any CPU = Debug|Any CPU
		Release|Any CPU = Release|Any CPU
	EndGlobalSection
	GlobalSection(ProjectConfigurationPlatforms) = postSolution
		{DA2E0CDA-061A-4D30-A03B-D1632DFE5158}.Debug|Any CPU.ActiveCfg = Debug|Any CPU
		{DA2E0CDA-061A-4D30-A03B-D1632DFE5158}.Debug|Any CPU.Build.0 = Debug|Any CPU
		{DA2E0CDA-061A-4D30-A03B-D1632DFE5158}.Release|Any CPU.ActiveCfg = Release|Any CPU
		{DA2E0CDA-061A-4D30-A03B-D1632DFE5158}.Release|Any CPU.Build.0 = Release|Any CPU
		{0C8FCDAE-4D61-4AB8-B072-55FC1D3C6D16}.Debug|Any CPU.ActiveCfg = Debug|Any CPU
		{0C8FCDAE-4D61-4AB8-B072-55FC1D3C6D16}.Debug|Any CPU.Build.0 = Debug|Any CPU
		{0C8FCDAE-4D61-4AB8-B072-55FC1D3C6D16}.Release|Any CPU.ActiveCfg = Release|Any CPU
		{0C8FCDAE-4D61-4AB8-B072-55FC1D3C6D16}.Release|Any CPU.Build.0 = Release|Any CPU
		{A8A8E82B-3AD5-437E-BBDF-CEA1E97DB313}.Debug|Any CPU.ActiveCfg = Debug|Any CPU
		{A8A8E82B-3AD5-437E-BBDF-CEA1E97DB313}.Debug|Any CPU.Build.0 = Debug|Any CPU
		{A8A8E82B-3AD5-437E-BBDF-CEA1E97DB313}.Release|Any CPU.ActiveCfg = Release|Any CPU
		{A8A8E82B-3AD5-437E-BBDF-CEA1E97DB313}.Release|Any CPU.Build.0 = Release|Any CPU
		{A387CBAA-AB17-48CD-8EC5-003ECC8E951A}.Debug|Any CPU.ActiveCfg = Debug|Any CPU
		{A387CBAA-AB17-48CD-8EC5-003ECC8E951A}.Debug|Any CPU.Build.0 = Debug|Any CPU
		{A387CBAA-AB17-48CD-8EC5-003ECC8E951A}.Release|Any CPU.ActiveCfg = Release|Any CPU
		{A387CBAA-AB17-48CD-8EC5-003ECC8E951A}.Release|Any CPU.Build.0 = Release|Any CPU
	EndGlobalSection
	GlobalSection(SolutionProperties) = preSolution
		HideSolutionNode = FALSE
	EndGlobalSection
EndGlobal
